
Microsoft Visual Studio Solution File, Format Version 12.00
# Visual Studio Version 17
VisualStudioVersion = 17.0.31903.59
MinimumVisualStudioVersion = 10.0.40219.1
Project("{2150E333-8FDC-42A3-9474-1A3956D46DE8}") = "contexts", "contexts", "{9E580983-2AA1-4F1E-8ABE-22F29E156B96}"
EndProject
Project("{2150E333-8FDC-42A3-9474-1A3956D46DE8}") = "donation-management", "donation-management", "{AD2C6EFE-9CE3-46F8-8E5A-D213A73F40D7}"
EndProject
Project("{2150E333-8FDC-42A3-9474-1A3956D46DE8}") = "ms-scheduling", "ms-scheduling", "{01C3C9CD-1428-4C7F-9B3C-ED2922786782}"
EndProject
Project("{2150E333-8FDC-42A3-9474-1A3956D46DE8}") = "core", "core", "{B0C216F1-AEC3-41A1-969D-0A01988D02AF}"
EndProject
Project("{FAE04EC0-301F-11D3-BF4B-00C04F79EFBC}") = "HemoSys.SchedulingService.Domain", "contexts\donation-management\ms-scheduling\core\HemoSys.SchedulingService.Domain\HemoSys.SchedulingService.Domain.csproj", "{68EEA80D-490F-42FD-BB11-F9E1AA830CF5}"
EndProject
Project("{FAE04EC0-301F-11D3-BF4B-00C04F79EFBC}") = "HemoSys.SchedulingService.Application", "contexts\donation-management\ms-scheduling\core\HemoSys.SchedulingService.Application\HemoSys.SchedulingService.Application.csproj", "{566FFBD6-554B-48FF-9F92-79CE6CC0E161}"
EndProject
Project("{2150E333-8FDC-42A3-9474-1A3956D46DE8}") = "adapters", "adapters", "{91320EBE-4EAD-4798-A7EF-EB1691CF1806}"
EndProject
Project("{FAE04EC0-301F-11D3-BF4B-00C04F79EFBC}") = "HemoSys.SchedulingService.State", "contexts\donation-management\ms-scheduling\adapters\HemoSys.SchedulingService.State\HemoSys.SchedulingService.State.csproj", "{721CDE46-6865-4F90-93F1-252812A384D7}"
EndProject
Project("{FAE04EC0-301F-11D3-BF4B-00C04F79EFBC}") = "HemoSys.SchedulingService.Stream", "contexts\donation-management\ms-scheduling\adapters\HemoSys.SchedulingService.Stream\HemoSys.SchedulingService.Stream.csproj", "{F0E6F33D-068E-4BF4-A2E7-41C9594685BD}"
EndProject
Project("{FAE04EC0-301F-11D3-BF4B-00C04F79EFBC}") = "HemoSys.SchedulingService.Web", "contexts\donation-management\ms-scheduling\adapters\HemoSys.SchedulingService.Web\HemoSys.SchedulingService.Web.csproj", "{54F53652-81F3-44D3-A533-D6758412CB68}"
EndProject
Project("{FAE04EC0-301F-11D3-BF4B-00C04F79EFBC}") = "App", "contexts\donation-management\ms-scheduling\App\App.csproj", "{24DD4ACC-7494-46D0-B888-983100A63829}"
EndProject
Project("{2150E333-8FDC-42A3-9474-1A3956D46DE8}") = "shared-kernel", "shared-kernel", "{DB212D81-41C9-43D9-BE1B-0911539F9B9B}"
EndProject
Project("{FAE04EC0-301F-11D3-BF4B-00C04F79EFBC}") = "HemoSys.SharedKernel", "shared-kernel\HemoSys.SharedKernel\HemoSys.SharedKernel.csproj", "{288F1151-2116-42FE-8225-5E7902E5D59F}"
EndProject
Project("{FAE04EC0-301F-11D3-BF4B-00C04F79EFBC}") = "HemoSys.SharedKernel.Messaging", "shared-kernel\HemoSys.SharedKernel.Messaging\HemoSys.SharedKernel.Messaging.csproj", "{2167BAAA-99AC-43B9-8D0B-46B9FE0C207E}"
EndProject
Global
	GlobalSection(SolutionConfigurationPlatforms) = preSolution
		Debug|Any CPU = Debug|Any CPU
		Release|Any CPU = Release|Any CPU
	EndGlobalSection
	GlobalSection(SolutionProperties) = preSolution
		HideSolutionNode = FALSE
	EndGlobalSection
	GlobalSection(ProjectConfigurationPlatforms) = postSolution
		{68EEA80D-490F-42FD-BB11-F9E1AA830CF5}.Debug|Any CPU.ActiveCfg = Debug|Any CPU
		{68EEA80D-490F-42FD-BB11-F9E1AA830CF5}.Debug|Any CPU.Build.0 = Debug|Any CPU
		{68EEA80D-490F-42FD-BB11-F9E1AA830CF5}.Release|Any CPU.ActiveCfg = Release|Any CPU
		{68EEA80D-490F-42FD-BB11-F9E1AA830CF5}.Release|Any CPU.Build.0 = Release|Any CPU
		{566FFBD6-554B-48FF-9F92-79CE6CC0E161}.Debug|Any CPU.ActiveCfg = Debug|Any CPU
		{566FFBD6-554B-48FF-9F92-79CE6CC0E161}.Debug|Any CPU.Build.0 = Debug|Any CPU
		{566FFBD6-554B-48FF-9F92-79CE6CC0E161}.Release|Any CPU.ActiveCfg = Release|Any CPU
		{566FFBD6-554B-48FF-9F92-79CE6CC0E161}.Release|Any CPU.Build.0 = Release|Any CPU
		{721CDE46-6865-4F90-93F1-252812A384D7}.Debug|Any CPU.ActiveCfg = Debug|Any CPU
		{721CDE46-6865-4F90-93F1-252812A384D7}.Debug|Any CPU.Build.0 = Debug|Any CPU
		{721CDE46-6865-4F90-93F1-252812A384D7}.Release|Any CPU.ActiveCfg = Release|Any CPU
		{721CDE46-6865-4F90-93F1-252812A384D7}.Release|Any CPU.Build.0 = Release|Any CPU
		{F0E6F33D-068E-4BF4-A2E7-41C9594685BD}.Debug|Any CPU.ActiveCfg = Debug|Any CPU
		{F0E6F33D-068E-4BF4-A2E7-41C9594685BD}.Debug|Any CPU.Build.0 = Debug|Any CPU
		{F0E6F33D-068E-4BF4-A2E7-41C9594685BD}.Release|Any CPU.ActiveCfg = Release|Any CPU
		{F0E6F33D-068E-4BF4-A2E7-41C9594685BD}.Release|Any CPU.Build.0 = Release|Any CPU
		{54F53652-81F3-44D3-A533-D6758412CB68}.Debug|Any CPU.ActiveCfg = Debug|Any CPU
		{54F53652-81F3-44D3-A533-D6758412CB68}.Debug|Any CPU.Build.0 = Debug|Any CPU
		{54F53652-81F3-44D3-A533-D6758412CB68}.Release|Any CPU.ActiveCfg = Release|Any CPU
		{54F53652-81F3-44D3-A533-D6758412CB68}.Release|Any CPU.Build.0 = Release|Any CPU
		{24DD4ACC-7494-46D0-B888-983100A63829}.Debug|Any CPU.ActiveCfg = Debug|Any CPU
		{24DD4ACC-7494-46D0-B888-983100A63829}.Debug|Any CPU.Build.0 = Debug|Any CPU
		{24DD4ACC-7494-46D0-B888-983100A63829}.Release|Any CPU.ActiveCfg = Release|Any CPU
		{24DD4ACC-7494-46D0-B888-983100A63829}.Release|Any CPU.Build.0 = Release|Any CPU
		{288F1151-2116-42FE-8225-5E7902E5D59F}.Debug|Any CPU.ActiveCfg = Debug|Any CPU
		{288F1151-2116-42FE-8225-5E7902E5D59F}.Debug|Any CPU.Build.0 = Debug|Any CPU
		{288F1151-2116-42FE-8225-5E7902E5D59F}.Release|Any CPU.ActiveCfg = Release|Any CPU
		{288F1151-2116-42FE-8225-5E7902E5D59F}.Release|Any CPU.Build.0 = Release|Any CPU
		{2167BAAA-99AC-43B9-8D0B-46B9FE0C207E}.Debug|Any CPU.ActiveCfg = Debug|Any CPU
		{2167BAAA-99AC-43B9-8D0B-46B9FE0C207E}.Debug|Any CPU.Build.0 = Debug|Any CPU
		{2167BAAA-99AC-43B9-8D0B-46B9FE0C207E}.Release|Any CPU.ActiveCfg = Release|Any CPU
		{2167BAAA-99AC-43B9-8D0B-46B9FE0C207E}.Release|Any CPU.Build.0 = Release|Any CPU
	EndGlobalSection
	GlobalSection(NestedProjects) = preSolution
		{AD2C6EFE-9CE3-46F8-8E5A-D213A73F40D7} = {9E580983-2AA1-4F1E-8ABE-22F29E156B96}
		{01C3C9CD-1428-4C7F-9B3C-ED2922786782} = {AD2C6EFE-9CE3-46F8-8E5A-D213A73F40D7}
		{B0C216F1-AEC3-41A1-969D-0A01988D02AF} = {01C3C9CD-1428-4C7F-9B3C-ED2922786782}
		{68EEA80D-490F-42FD-BB11-F9E1AA830CF5} = {B0C216F1-AEC3-41A1-969D-0A01988D02AF}
		{566FFBD6-554B-48FF-9F92-79CE6CC0E161} = {B0C216F1-AEC3-41A1-969D-0A01988D02AF}
		{91320EBE-4EAD-4798-A7EF-EB1691CF1806} = {01C3C9CD-1428-4C7F-9B3C-ED2922786782}
		{721CDE46-6865-4F90-93F1-252812A384D7} = {91320EBE-4EAD-4798-A7EF-EB1691CF1806}
		{F0E6F33D-068E-4BF4-A2E7-41C9594685BD} = {91320EBE-4EAD-4798-A7EF-EB1691CF1806}
		{54F53652-81F3-44D3-A533-D6758412CB68} = {91320EBE-4EAD-4798-A7EF-EB1691CF1806}
		{24DD4ACC-7494-46D0-B888-983100A63829} = {01C3C9CD-1428-4C7F-9B3C-ED2922786782}
		{288F1151-2116-42FE-8225-5E7902E5D59F} = {DB212D81-41C9-43D9-BE1B-0911539F9B9B}
		{2167BAAA-99AC-43B9-8D0B-46B9FE0C207E} = {DB212D81-41C9-43D9-BE1B-0911539F9B9B}
	EndGlobalSection
EndGlobal
